
Microsoft Visual Studio Solution File, Format Version 12.00
# Visual Studio Version 16
VisualStudioVersion = 16.0.810.21
MinimumVisualStudioVersion = 10.0.40219.1
Project("{FAE04EC0-301F-11D3-BF4B-00C04F79EFBC}") = "Task3.1", "Task3.1\Task3.1.csproj", "{ECFD2EA2-6249-4F4B-B80B-D7C0ABC20089}"
EndProject
Project("{FAE04EC0-301F-11D3-BF4B-00C04F79EFBC}") = "Task3.2", "Task3.2\Task3.2.csproj", "{10F6415B-E0FC-40CF-BFFD-48B64A05F2AA}"
EndProject
Global
	GlobalSection(SolutionConfigurationPlatforms) = preSolution
		Debug|Any CPU = Debug|Any CPU
		Release|Any CPU = Release|Any CPU
	EndGlobalSection
	GlobalSection(ProjectConfigurationPlatforms) = postSolution
		{ECFD2EA2-6249-4F4B-B80B-D7C0ABC20089}.Debug|Any CPU.ActiveCfg = Debug|Any CPU
		{ECFD2EA2-6249-4F4B-B80B-D7C0ABC20089}.Debug|Any CPU.Build.0 = Debug|Any CPU
		{ECFD2EA2-6249-4F4B-B80B-D7C0ABC20089}.Release|Any CPU.ActiveCfg = Release|Any CPU
		{ECFD2EA2-6249-4F4B-B80B-D7C0ABC20089}.Release|Any CPU.Build.0 = Release|Any CPU
		{10F6415B-E0FC-40CF-BFFD-48B64A05F2AA}.Debug|Any CPU.ActiveCfg = Debug|Any CPU
		{10F6415B-E0FC-40CF-BFFD-48B64A05F2AA}.Debug|Any CPU.Build.0 = Debug|Any CPU
		{10F6415B-E0FC-40CF-BFFD-48B64A05F2AA}.Release|Any CPU.ActiveCfg = Release|Any CPU
		{10F6415B-E0FC-40CF-BFFD-48B64A05F2AA}.Release|Any CPU.Build.0 = Release|Any CPU
	EndGlobalSection
	GlobalSection(SolutionProperties) = preSolution
		HideSolutionNode = FALSE
	EndGlobalSection
	GlobalSection(ExtensibilityGlobals) = postSolution
		SolutionGuid = {7B328127-D76E-4DC2-A3F8-81002E19ADFC}
	EndGlobalSection
EndGlobal
